// !$*UTF8*$!
{
	archiveVersion = 1;
	classes = {
	};
	objectVersion = 50;
	objects = {

/* Begin PBXBuildFile section */
		510F3D81246C5B09008CE068 /* AppDelegate.swift in Sources */ = {isa = PBXBuildFile; fileRef = 510F3D80246C5B09008CE068 /* AppDelegate.swift */; };
		510F3D83246C5B09008CE068 /* SceneDelegate.swift in Sources */ = {isa = PBXBuildFile; fileRef = 510F3D82246C5B09008CE068 /* SceneDelegate.swift */; };
		510F3D85246C5B09008CE068 /* ViewController.swift in Sources */ = {isa = PBXBuildFile; fileRef = 510F3D84246C5B09008CE068 /* ViewController.swift */; };
		510F3D88246C5B09008CE068 /* Main.storyboard in Resources */ = {isa = PBXBuildFile; fileRef = 510F3D86246C5B09008CE068 /* Main.storyboard */; };
		510F3D8A246C5B0B008CE068 /* Assets.xcassets in Resources */ = {isa = PBXBuildFile; fileRef = 510F3D89246C5B0B008CE068 /* Assets.xcassets */; };
		510F3D8D246C5B0B008CE068 /* LaunchScreen.storyboard in Resources */ = {isa = PBXBuildFile; fileRef = 510F3D8B246C5B0B008CE068 /* LaunchScreen.storyboard */; };
		510F3D98246C5B0C008CE068 /* PhotoMasterTests.swift in Sources */ = {isa = PBXBuildFile; fileRef = 510F3D97246C5B0C008CE068 /* PhotoMasterTests.swift */; };
		510F3DA3246C5B0C008CE068 /* PhotoMasterUITests.swift in Sources */ = {isa = PBXBuildFile; fileRef = 510F3DA2246C5B0C008CE068 /* PhotoMasterUITests.swift */; };
/* End PBXBuildFile section */

/* Begin PBXContainerItemProxy section */
		510F3D94246C5B0C008CE068 /* PBXContainerItemProxy */ = {
			isa = PBXContainerItemProxy;
			containerPortal = 510F3D75246C5B09008CE068 /* Project object */;
			proxyType = 1;
			remoteGlobalIDString = 510F3D7C246C5B09008CE068;
			remoteInfo = PhotoMaster;
		};
		510F3D9F246C5B0C008CE068 /* PBXContainerItemProxy */ = {
			isa = PBXContainerItemProxy;
			containerPortal = 510F3D75246C5B09008CE068 /* Project object */;
			proxyType = 1;
			remoteGlobalIDString = 510F3D7C246C5B09008CE068;
			remoteInfo = PhotoMaster;
		};
/* End PBXContainerItemProxy section */

/* Begin PBXFileReference section */
		510F3D7D246C5B09008CE068 /* PhotoMaster.app */ = {isa = PBXFileReference; explicitFileType = wrapper.application; includeInIndex = 0; path = PhotoMaster.app; sourceTree = BUILT_PRODUCTS_DIR; };
		510F3D80246C5B09008CE068 /* AppDelegate.swift */ = {isa = PBXFileReference; lastKnownFileType = sourcecode.swift; path = AppDelegate.swift; sourceTree = "<group>"; };
		510F3D82246C5B09008CE068 /* SceneDelegate.swift */ = {isa = PBXFileReference; lastKnownFileType = sourcecode.swift; path = SceneDelegate.swift; sourceTree = "<group>"; };
		510F3D84246C5B09008CE068 /* ViewController.swift */ = {isa = PBXFileReference; lastKnownFileType = sourcecode.swift; path = ViewController.swift; sourceTree = "<group>"; };
		510F3D87246C5B09008CE068 /* Base */ = {isa = PBXFileReference; lastKnownFileType = file.storyboard; name = Base; path = Base.lproj/Main.storyboard; sourceTree = "<group>"; };
		510F3D89246C5B0B008CE068 /* Assets.xcassets */ = {isa = PBXFileReference; lastKnownFileType = folder.assetcatalog; path = Assets.xcassets; sourceTree = "<group>"; };
		510F3D8C246C5B0B008CE068 /* Base */ = {isa = PBXFileReference; lastKnownFileType = file.storyboard; name = Base; path = Base.lproj/LaunchScreen.storyboard; sourceTree = "<group>"; };
		510F3D8E246C5B0B008CE068 /* Info.plist */ = {isa = PBXFileReference; lastKnownFileType = text.plist.xml; path = Info.plist; sourceTree = "<group>"; };
		510F3D93246C5B0C008CE068 /* PhotoMasterTests.xctest */ = {isa = PBXFileReference; explicitFileType = wrapper.cfbundle; includeInIndex = 0; path = PhotoMasterTests.xctest; sourceTree = BUILT_PRODUCTS_DIR; };
		510F3D97246C5B0C008CE068 /* PhotoMasterTests.swift */ = {isa = PBXFileReference; lastKnownFileType = sourcecode.swift; path = PhotoMasterTests.swift; sourceTree = "<group>"; };
		510F3D99246C5B0C008CE068 /* Info.plist */ = {isa = PBXFileReference; lastKnownFileType = text.plist.xml; path = Info.plist; sourceTree = "<group>"; };
		510F3D9E246C5B0C008CE068 /* PhotoMasterUITests.xctest */ = {isa = PBXFileReference; explicitFileType = wrapper.cfbundle; includeInIndex = 0; path = PhotoMasterUITests.xctest; sourceTree = BUILT_PRODUCTS_DIR; };
		510F3DA2246C5B0C008CE068 /* PhotoMasterUITests.swift */ = {isa = PBXFileReference; lastKnownFileType = sourcecode.swift; path = PhotoMasterUITests.swift; sourceTree = "<group>"; };
		510F3DA4246C5B0C008CE068 /* Info.plist */ = {isa = PBXFileReference; lastKnownFileType = text.plist.xml; path = Info.plist; sourceTree = "<group>"; };
/* End PBXFileReference section */

/* Begin PBXFrameworksBuildPhase section */
		510F3D7A246C5B09008CE068 /* Frameworks */ = {
			isa = PBXFrameworksBuildPhase;
			buildActionMask = 2147483647;
			files = (
			);
			runOnlyForDeploymentPostprocessing = 0;
		};
		510F3D90246C5B0C008CE068 /* Frameworks */ = {
			isa = PBXFrameworksBuildPhase;
			buildActionMask = 2147483647;
			files = (
			);
			runOnlyForDeploymentPostprocessing = 0;
		};
		510F3D9B246C5B0C008CE068 /* Frameworks */ = {
			isa = PBXFrameworksBuildPhase;
			buildActionMask = 2147483647;
			files = (
			);
			runOnlyForDeploymentPostprocessing = 0;
		};
/* End PBXFrameworksBuildPhase section */

/* Begin PBXGroup section */
		510F3D74246C5B09008CE068 = {
			isa = PBXGroup;
			children = (
				510F3D7F246C5B09008CE068 /* PhotoMaster */,
				510F3D96246C5B0C008CE068 /* PhotoMasterTests */,
				510F3DA1246C5B0C008CE068 /* PhotoMasterUITests */,
				510F3D7E246C5B09008CE068 /* Products */,
			);
			sourceTree = "<group>";
		};
		510F3D7E246C5B09008CE068 /* Products */ = {
			isa = PBXGroup;
			children = (
				510F3D7D246C5B09008CE068 /* PhotoMaster.app */,
				510F3D93246C5B0C008CE068 /* PhotoMasterTests.xctest */,
				510F3D9E246C5B0C008CE068 /* PhotoMasterUITests.xctest */,
			);
			name = Products;
			sourceTree = "<group>";
		};
		510F3D7F246C5B09008CE068 /* PhotoMaster */ = {
			isa = PBXGroup;
			children = (
				510F3D80246C5B09008CE068 /* AppDelegate.swift */,
				510F3D82246C5B09008CE068 /* SceneDelegate.swift */,
				510F3D84246C5B09008CE068 /* ViewController.swift */,
				510F3D86246C5B09008CE068 /* Main.storyboard */,
				510F3D89246C5B0B008CE068 /* Assets.xcassets */,
				510F3D8B246C5B0B008CE068 /* LaunchScreen.storyboard */,
				510F3D8E246C5B0B008CE068 /* Info.plist */,
			);
			path = PhotoMaster;
			sourceTree = "<group>";
		};
		510F3D96246C5B0C008CE068 /* PhotoMasterTests */ = {
			isa = PBXGroup;
			children = (
				510F3D97246C5B0C008CE068 /* PhotoMasterTests.swift */,
				510F3D99246C5B0C008CE068 /* Info.plist */,
			);
			path = PhotoMasterTests;
			sourceTree = "<group>";
		};
		510F3DA1246C5B0C008CE068 /* PhotoMasterUITests */ = {
			isa = PBXGroup;
			children = (
				510F3DA2246C5B0C008CE068 /* PhotoMasterUITests.swift */,
				510F3DA4246C5B0C008CE068 /* Info.plist */,
			);
			path = PhotoMasterUITests;
			sourceTree = "<group>";
		};
/* End PBXGroup section */

/* Begin PBXNativeTarget section */
		510F3D7C246C5B09008CE068 /* PhotoMaster */ = {
			isa = PBXNativeTarget;
			buildConfigurationList = 510F3DA7246C5B0C008CE068 /* Build configuration list for PBXNativeTarget "PhotoMaster" */;
			buildPhases = (
				510F3D79246C5B09008CE068 /* Sources */,
				510F3D7A246C5B09008CE068 /* Frameworks */,
				510F3D7B246C5B09008CE068 /* Resources */,
			);
			buildRules = (
			);
			dependencies = (
			);
			name = PhotoMaster;
			productName = PhotoMaster;
			productReference = 510F3D7D246C5B09008CE068 /* PhotoMaster.app */;
			productType = "com.apple.product-type.application";
		};
		510F3D92246C5B0C008CE068 /* PhotoMasterTests */ = {
			isa = PBXNativeTarget;
			buildConfigurationList = 510F3DAA246C5B0C008CE068 /* Build configuration list for PBXNativeTarget "PhotoMasterTests" */;
			buildPhases = (
				510F3D8F246C5B0C008CE068 /* Sources */,
				510F3D90246C5B0C008CE068 /* Frameworks */,
				510F3D91246C5B0C008CE068 /* Resources */,
			);
			buildRules = (
			);
			dependencies = (
				510F3D95246C5B0C008CE068 /* PBXTargetDependency */,
			);
			name = PhotoMasterTests;
			productName = PhotoMasterTests;
			productReference = 510F3D93246C5B0C008CE068 /* PhotoMasterTests.xctest */;
			productType = "com.apple.product-type.bundle.unit-test";
		};
		510F3D9D246C5B0C008CE068 /* PhotoMasterUITests */ = {
			isa = PBXNativeTarget;
			buildConfigurationList = 510F3DAD246C5B0C008CE068 /* Build configuration list for PBXNativeTarget "PhotoMasterUITests" */;
			buildPhases = (
				510F3D9A246C5B0C008CE068 /* Sources */,
				510F3D9B246C5B0C008CE068 /* Frameworks */,
				510F3D9C246C5B0C008CE068 /* Resources */,
			);
			buildRules = (
			);
			dependencies = (
				510F3DA0246C5B0C008CE068 /* PBXTargetDependency */,
			);
			name = PhotoMasterUITests;
			productName = PhotoMasterUITests;
			productReference = 510F3D9E246C5B0C008CE068 /* PhotoMasterUITests.xctest */;
			productType = "com.apple.product-type.bundle.ui-testing";
		};
/* End PBXNativeTarget section */

/* Begin PBXProject section */
		510F3D75246C5B09008CE068 /* Project object */ = {
			isa = PBXProject;
			attributes = {
				LastSwiftUpdateCheck = 1140;
				LastUpgradeCheck = 1140;
				ORGANIZATIONNAME = "Ueda Maririn";
				TargetAttributes = {
					510F3D7C246C5B09008CE068 = {
						CreatedOnToolsVersion = 11.4.1;
					};
					510F3D92246C5B0C008CE068 = {
						CreatedOnToolsVersion = 11.4.1;
						TestTargetID = 510F3D7C246C5B09008CE068;
					};
					510F3D9D246C5B0C008CE068 = {
						CreatedOnToolsVersion = 11.4.1;
						TestTargetID = 510F3D7C246C5B09008CE068;
					};
				};
			};
			buildConfigurationList = 510F3D78246C5B09008CE068 /* Build configuration list for PBXProject "PhotoMaster" */;
			compatibilityVersion = "Xcode 9.3";
			developmentRegion = en;
			hasScannedForEncodings = 0;
			knownRegions = (
				en,
				Base,
			);
			mainGroup = 510F3D74246C5B09008CE068;
			productRefGroup = 510F3D7E246C5B09008CE068 /* Products */;
			projectDirPath = "";
			projectRoot = "";
			targets = (
				510F3D7C246C5B09008CE068 /* PhotoMaster */,
				510F3D92246C5B0C008CE068 /* PhotoMasterTests */,
				510F3D9D246C5B0C008CE068 /* PhotoMasterUITests */,
			);
		};
/* End PBXProject section */

/* Begin PBXResourcesBuildPhase section */
		510F3D7B246C5B09008CE068 /* Resources */ = {
			isa = PBXResourcesBuildPhase;
			buildActionMask = 2147483647;
			files = (
				510F3D8D246C5B0B008CE068 /* LaunchScreen.storyboard in Resources */,
				510F3D8A246C5B0B008CE068 /* Assets.xcassets in Resources */,
				510F3D88246C5B09008CE068 /* Main.storyboard in Resources */,
			);
			runOnlyForDeploymentPostprocessing = 0;
		};
		510F3D91246C5B0C008CE068 /* Resources */ = {
			isa = PBXResourcesBuildPhase;
			buildActionMask = 2147483647;
			files = (
			);
			runOnlyForDeploymentPostprocessing = 0;
		};
		510F3D9C246C5B0C008CE068 /* Resources */ = {
			isa = PBXResourcesBuildPhase;
			buildActionMask = 2147483647;
			files = (
			);
			runOnlyForDeploymentPostprocessing = 0;
		};
/* End PBXResourcesBuildPhase section */

/* Begin PBXSourcesBuildPhase section */
		510F3D79246C5B09008CE068 /* Sources */ = {
			isa = PBXSourcesBuildPhase;
			buildActionMask = 2147483647;
			files = (
				510F3D85246C5B09008CE068 /* ViewController.swift in Sources */,
				510F3D81246C5B09008CE068 /* AppDelegate.swift in Sources */,
				510F3D83246C5B09008CE068 /* SceneDelegate.swift in Sources */,
			);
			runOnlyForDeploymentPostprocessing = 0;
		};
		510F3D8F246C5B0C008CE068 /* Sources */ = {
			isa = PBXSourcesBuildPhase;
			buildActionMask = 2147483647;
			files = (
				510F3D98246C5B0C008CE068 /* PhotoMasterTests.swift in Sources */,
			);
			runOnlyForDeploymentPostprocessing = 0;
		};
		510F3D9A246C5B0C008CE068 /* Sources */ = {
			isa = PBXSourcesBuildPhase;
			buildActionMask = 2147483647;
			files = (
				510F3DA3246C5B0C008CE068 /* PhotoMasterUITests.swift in Sources */,
			);
			runOnlyForDeploymentPostprocessing = 0;
		};
/* End PBXSourcesBuildPhase section */

/* Begin PBXTargetDependency section */
		510F3D95246C5B0C008CE068 /* PBXTargetDependency */ = {
			isa = PBXTargetDependency;
			target = 510F3D7C246C5B09008CE068 /* PhotoMaster */;
			targetProxy = 510F3D94246C5B0C008CE068 /* PBXContainerItemProxy */;
		};
		510F3DA0246C5B0C008CE068 /* PBXTargetDependency */ = {
			isa = PBXTargetDependency;
			target = 510F3D7C246C5B09008CE068 /* PhotoMaster */;
			targetProxy = 510F3D9F246C5B0C008CE068 /* PBXContainerItemProxy */;
		};
/* End PBXTargetDependency section */

/* Begin PBXVariantGroup section */
		510F3D86246C5B09008CE068 /* Main.storyboard */ = {
			isa = PBXVariantGroup;
			children = (
				510F3D87246C5B09008CE068 /* Base */,
			);
			name = Main.storyboard;
			sourceTree = "<group>";
		};
		510F3D8B246C5B0B008CE068 /* LaunchScreen.storyboard */ = {
			isa = PBXVariantGroup;
			children = (
				510F3D8C246C5B0B008CE068 /* Base */,
			);
			name = LaunchScreen.storyboard;
			sourceTree = "<group>";
		};
/* End PBXVariantGroup section */

/* Begin XCBuildConfiguration section */
		510F3DA5246C5B0C008CE068 /* Debug */ = {
			isa = XCBuildConfiguration;
			buildSettings = {
				ALWAYS_SEARCH_USER_PATHS = NO;
				CLANG_ANALYZER_NONNULL = YES;
				CLANG_ANALYZER_NUMBER_OBJECT_CONVERSION = YES_AGGRESSIVE;
				CLANG_CXX_LANGUAGE_STANDARD = "gnu++14";
				CLANG_CXX_LIBRARY = "libc++";
				CLANG_ENABLE_MODULES = YES;
				CLANG_ENABLE_OBJC_ARC = YES;
				CLANG_ENABLE_OBJC_WEAK = YES;
				CLANG_WARN_BLOCK_CAPTURE_AUTORELEASING = YES;
				CLANG_WARN_BOOL_CONVERSION = YES;
				CLANG_WARN_COMMA = YES;
				CLANG_WARN_CONSTANT_CONVERSION = YES;
				CLANG_WARN_DEPRECATED_OBJC_IMPLEMENTATIONS = YES;
				CLANG_WARN_DIRECT_OBJC_ISA_USAGE = YES_ERROR;
				CLANG_WARN_DOCUMENTATION_COMMENTS = YES;
				CLANG_WARN_EMPTY_BODY = YES;
				CLANG_WARN_ENUM_CONVERSION = YES;
				CLANG_WARN_INFINITE_RECURSION = YES;
				CLANG_WARN_INT_CONVERSION = YES;
				CLANG_WARN_NON_LITERAL_NULL_CONVERSION = YES;
				CLANG_WARN_OBJC_IMPLICIT_RETAIN_SELF = YES;
				CLANG_WARN_OBJC_LITERAL_CONVERSION = YES;
				CLANG_WARN_OBJC_ROOT_CLASS = YES_ERROR;
				CLANG_WARN_RANGE_LOOP_ANALYSIS = YES;
				CLANG_WARN_STRICT_PROTOTYPES = YES;
				CLANG_WARN_SUSPICIOUS_MOVE = YES;
				CLANG_WARN_UNGUARDED_AVAILABILITY = YES_AGGRESSIVE;
				CLANG_WARN_UNREACHABLE_CODE = YES;
				CLANG_WARN__DUPLICATE_METHOD_MATCH = YES;
				COPY_PHASE_STRIP = NO;
				DEBUG_INFORMATION_FORMAT = dwarf;
				ENABLE_STRICT_OBJC_MSGSEND = YES;
				ENABLE_TESTABILITY = YES;
				GCC_C_LANGUAGE_STANDARD = gnu11;
				GCC_DYNAMIC_NO_PIC = NO;
				GCC_NO_COMMON_BLOCKS = YES;
				GCC_OPTIMIZATION_LEVEL = 0;
				GCC_PREPROCESSOR_DEFINITIONS = (
					"DEBUG=1",
					"$(inherited)",
				);
				GCC_WARN_64_TO_32_BIT_CONVERSION = YES;
				GCC_WARN_ABOUT_RETURN_TYPE = YES_ERROR;
				GCC_WARN_UNDECLARED_SELECTOR = YES;
				GCC_WARN_UNINITIALIZED_AUTOS = YES_AGGRESSIVE;
				GCC_WARN_UNUSED_FUNCTION = YES;
				GCC_WARN_UNUSED_VARIABLE = YES;
				IPHONEOS_DEPLOYMENT_TARGET = 13.4;
				MTL_ENABLE_DEBUG_INFO = INCLUDE_SOURCE;
				MTL_FAST_MATH = YES;
				ONLY_ACTIVE_ARCH = YES;
				SDKROOT = iphoneos;
				SWIFT_ACTIVE_COMPILATION_CONDITIONS = DEBUG;
				SWIFT_OPTIMIZATION_LEVEL = "-Onone";
			};
			name = Debug;
		};
		510F3DA6246C5B0C008CE068 /* Release */ = {
			isa = XCBuildConfiguration;
			buildSettings = {
				ALWAYS_SEARCH_USER_PATHS = NO;
				CLANG_ANALYZER_NONNULL = YES;
				CLANG_ANALYZER_NUMBER_OBJECT_CONVERSION = YES_AGGRESSIVE;
				CLANG_CXX_LANGUAGE_STANDARD = "gnu++14";
				CLANG_CXX_LIBRARY = "libc++";
				CLANG_ENABLE_MODULES = YES;
				CLANG_ENABLE_OBJC_ARC = YES;
				CLANG_ENABLE_OBJC_WEAK = YES;
				CLANG_WARN_BLOCK_CAPTURE_AUTORELEASING = YES;
				CLANG_WARN_BOOL_CONVERSION = YES;
				CLANG_WARN_COMMA = YES;
				CLANG_WARN_CONSTANT_CONVERSION = YES;
				CLANG_WARN_DEPRECATED_OBJC_IMPLEMENTATIONS = YES;
				CLANG_WARN_DIRECT_OBJC_ISA_USAGE = YES_ERROR;
				CLANG_WARN_DOCUMENTATION_COMMENTS = YES;
				CLANG_WARN_EMPTY_BODY = YES;
				CLANG_WARN_ENUM_CONVERSION = YES;
				CLANG_WARN_INFINITE_RECURSION = YES;
				CLANG_WARN_INT_CONVERSION = YES;
				CLANG_WARN_NON_LITERAL_NULL_CONVERSION = YES;
				CLANG_WARN_OBJC_IMPLICIT_RETAIN_SELF = YES;
				CLANG_WARN_OBJC_LITERAL_CONVERSION = YES;
				CLANG_WARN_OBJC_ROOT_CLASS = YES_ERROR;
				CLANG_WARN_RANGE_LOOP_ANALYSIS = YES;
				CLANG_WARN_STRICT_PROTOTYPES = YES;
				CLANG_WARN_SUSPICIOUS_MOVE = YES;
				CLANG_WARN_UNGUARDED_AVAILABILITY = YES_AGGRESSIVE;
				CLANG_WARN_UNREACHABLE_CODE = YES;
				CLANG_WARN__DUPLICATE_METHOD_MATCH = YES;
				COPY_PHASE_STRIP = NO;
				DEBUG_INFORMATION_FORMAT = "dwarf-with-dsym";
				ENABLE_NS_ASSERTIONS = NO;
				ENABLE_STRICT_OBJC_MSGSEND = YES;
				GCC_C_LANGUAGE_STANDARD = gnu11;
				GCC_NO_COMMON_BLOCKS = YES;
				GCC_WARN_64_TO_32_BIT_CONVERSION = YES;
				GCC_WARN_ABOUT_RETURN_TYPE = YES_ERROR;
				GCC_WARN_UNDECLARED_SELECTOR = YES;
				GCC_WARN_UNINITIALIZED_AUTOS = YES_AGGRESSIVE;
				GCC_WARN_UNUSED_FUNCTION = YES;
				GCC_WARN_UNUSED_VARIABLE = YES;
				IPHONEOS_DEPLOYMENT_TARGET = 13.4;
				MTL_ENABLE_DEBUG_INFO = NO;
				MTL_FAST_MATH = YES;
				SDKROOT = iphoneos;
				SWIFT_COMPILATION_MODE = wholemodule;
				SWIFT_OPTIMIZATION_LEVEL = "-O";
				VALIDATE_PRODUCT = YES;
			};
			name = Release;
		};
		510F3DA8246C5B0C008CE068 /* Debug */ = {
			isa = XCBuildConfiguration;
			buildSettings = {
				ASSETCATALOG_COMPILER_APPICON_NAME = AppIcon;
				CODE_SIGN_STYLE = Automatic;
				INFOPLIST_FILE = PhotoMaster/Info.plist;
				LD_RUNPATH_SEARCH_PATHS = (
					"$(inherited)",
					"@executable_path/Frameworks",
				);
				PRODUCT_BUNDLE_IDENTIFIER = app.maririn.ueda.PhotoMaster;
				PRODUCT_NAME = "$(TARGET_NAME)";
				SWIFT_VERSION = 5.0;
				TARGETED_DEVICE_FAMILY = "1,2";
			};
			name = Debug;
		};
		510F3DA9246C5B0C008CE068 /* Release */ = {
			isa = XCBuildConfiguration;
			buildSettings = {
				ASSETCATALOG_COMPILER_APPICON_NAME = AppIcon;
				CODE_SIGN_STYLE = Automatic;
				INFOPLIST_FILE = PhotoMaster/Info.plist;
				LD_RUNPATH_SEARCH_PATHS = (
					"$(inherited)",
					"@executable_path/Frameworks",
				);
				PRODUCT_BUNDLE_IDENTIFIER = app.maririn.ueda.PhotoMaster;
				PRODUCT_NAME = "$(TARGET_NAME)";
				SWIFT_VERSION = 5.0;
				TARGETED_DEVICE_FAMILY = "1,2";
			};
			name = Release;
		};
		510F3DAB246C5B0C008CE068 /* Debug */ = {
			isa = XCBuildConfiguration;
			buildSettings = {
				ALWAYS_EMBED_SWIFT_STANDARD_LIBRARIES = YES;
				BUNDLE_LOADER = "$(TEST_HOST)";
				CODE_SIGN_STYLE = Automatic;
				INFOPLIST_FILE = PhotoMasterTests/Info.plist;
				IPHONEOS_DEPLOYMENT_TARGET = 13.4;
				LD_RUNPATH_SEARCH_PATHS = (
					"$(inherited)",
					"@executable_path/Frameworks",
					"@loader_path/Frameworks",
				);
				PRODUCT_BUNDLE_IDENTIFIER = app.maririn.ueda.PhotoMasterTests;
				PRODUCT_NAME = "$(TARGET_NAME)";
				SWIFT_VERSION = 5.0;
				TARGETED_DEVICE_FAMILY = "1,2";
				TEST_HOST = "$(BUILT_PRODUCTS_DIR)/PhotoMaster.app/PhotoMaster";
			};
			name = Debug;
		};
		510F3DAC246C5B0C008CE068 /* Release */ = {
			isa = XCBuildConfiguration;
			buildSettings = {
				ALWAYS_EMBED_SWIFT_STANDARD_LIBRARIES = YES;
				BUNDLE_LOADER = "$(TEST_HOST)";
				CODE_SIGN_STYLE = Automatic;
				INFOPLIST_FILE = PhotoMasterTests/Info.plist;
				IPHONEOS_DEPLOYMENT_TARGET = 13.4;
				LD_RUNPATH_SEARCH_PATHS = (
					"$(inherited)",
					"@executable_path/Frameworks",
					"@loader_path/Frameworks",
				);
				PRODUCT_BUNDLE_IDENTIFIER = app.maririn.ueda.PhotoMasterTests;
				PRODUCT_NAME = "$(TARGET_NAME)";
				SWIFT_VERSION = 5.0;
				TARGETED_DEVICE_FAMILY = "1,2";
				TEST_HOST = "$(BUILT_PRODUCTS_DIR)/PhotoMaster.app/PhotoMaster";
			};
			name = Release;
		};
		510F3DAE246C5B0C008CE068 /* Debug */ = {
			isa = XCBuildConfiguration;
			buildSettings = {
				ALWAYS_EMBED_SWIFT_STANDARD_LIBRARIES = YES;
				CODE_SIGN_STYLE = Automatic;
				INFOPLIST_FILE = PhotoMasterUITests/Info.plist;
				LD_RUNPATH_SEARCH_PATHS = (
					"$(inherited)",
					"@executable_path/Frameworks",
					"@loader_path/Frameworks",
				);
				PRODUCT_BUNDLE_IDENTIFIER = app.maririn.ueda.PhotoMasterUITests;
				PRODUCT_NAME = "$(TARGET_NAME)";
				SWIFT_VERSION = 5.0;
				TARGETED_DEVICE_FAMILY = "1,2";
				TEST_TARGET_NAME = PhotoMaster;
			};
			name = Debug;
		};
		510F3DAF246C5B0C008CE068 /* Release */ = {
			isa = XCBuildConfiguration;
			buildSettings = {
				ALWAYS_EMBED_SWIFT_STANDARD_LIBRARIES = YES;
				CODE_SIGN_STYLE = Automatic;
				INFOPLIST_FILE = PhotoMasterUITests/Info.plist;
				LD_RUNPATH_SEARCH_PATHS = (
					"$(inherited)",
					"@executable_path/Frameworks",
					"@loader_path/Frameworks",
				);
				PRODUCT_BUNDLE_IDENTIFIER = app.maririn.ueda.PhotoMasterUITests;
				PRODUCT_NAME = "$(TARGET_NAME)";
				SWIFT_VERSION = 5.0;
				TARGETED_DEVICE_FAMILY = "1,2";
				TEST_TARGET_NAME = PhotoMaster;
			};
			name = Release;
		};
/* End XCBuildConfiguration section */

/* Begin XCConfigurationList section */
		510F3D78246C5B09008CE068 /* Build configuration list for PBXProject "PhotoMaster" */ = {
			isa = XCConfigurationList;
			buildConfigurations = (
				510F3DA5246C5B0C008CE068 /* Debug */,
				510F3DA6246C5B0C008CE068 /* Release */,
			);
			defaultConfigurationIsVisible = 0;
			defaultConfigurationName = Release;
		};
		510F3DA7246C5B0C008CE068 /* Build configuration list for PBXNativeTarget "PhotoMaster" */ = {
			isa = XCConfigurationList;
			buildConfigurations = (
				510F3DA8246C5B0C008CE068 /* Debug */,
				510F3DA9246C5B0C008CE068 /* Release */,
			);
			defaultConfigurationIsVisible = 0;
			defaultConfigurationName = Release;
		};
		510F3DAA246C5B0C008CE068 /* Build configuration list for PBXNativeTarget "PhotoMasterTests" */ = {
			isa = XCConfigurationList;
			buildConfigurations = (
				510F3DAB246C5B0C008CE068 /* Debug */,
				510F3DAC246C5B0C008CE068 /* Release */,
			);
			defaultConfigurationIsVisible = 0;
			defaultConfigurationName = Release;
		};
		510F3DAD246C5B0C008CE068 /* Build configuration list for PBXNativeTarget "PhotoMasterUITests" */ = {
			isa = XCConfigurationList;
			buildConfigurations = (
				510F3DAE246C5B0C008CE068 /* Debug */,
				510F3DAF246C5B0C008CE068 /* Release */,
			);
			defaultConfigurationIsVisible = 0;
			defaultConfigurationName = Release;
		};
/* End XCConfigurationList section */
	};
	rootObject = 510F3D75246C5B09008CE068 /* Project object */;
}
